
Microsoft Visual Studio Solution File, Format Version 12.00
# Visual Studio Version 16
VisualStudioVersion = 16.0.28803.202
MinimumVisualStudioVersion = 10.0.40219.1
Project("{2150E333-8FDC-42A3-9474-1A3956D46DE8}") = "Src", "Src", "{349EE1E7-D602-421E-8180-EFB4C4CE56D1}"
EndProject
Project("{2150E333-8FDC-42A3-9474-1A3956D46DE8}") = "Core", "Core", "{9B989D16-102D-43EF-9054-72B76DFD5981}"
EndProject
Project("{9A19103F-16F7-4668-BE54-9A1E7A4F7556}") = "WebBackTidsregistrering.Application", "WebBackTidsregistrering.Application\WebBackTidsregistrering.Application.csproj", "{74AD5ACA-60AD-4D0C-8BF6-3EC6A3FFA854}"
EndProject
Project("{9A19103F-16F7-4668-BE54-9A1E7A4F7556}") = "WebBackTidsregistrering.Domain", "WebBackTidsregistrering.Domain\WebBackTidsregistrering.Domain.csproj", "{491CA8F3-7E32-438F-85EA-A49273EBF643}"
EndProject
Project("{2150E333-8FDC-42A3-9474-1A3956D46DE8}") = "Infrastructure", "Infrastructure", "{F3253E38-CC45-4516-81EC-37638F4873FD}"
EndProject
Project("{9A19103F-16F7-4668-BE54-9A1E7A4F7556}") = "WebBackTidsregistrering.Infrastructure", "WebBackTidsregistrering.Infrastructure\WebBackTidsregistrering.Infrastructure.csproj", "{A7875088-5196-4AA6-AB27-8FDD197042D7}"
EndProject
Project("{9A19103F-16F7-4668-BE54-9A1E7A4F7556}") = "WebBackTidsregistrering.Persistance", "WebBackTidsregistrering.Persistance\WebBackTidsregistrering.Persistance.csproj", "{7E1F3E66-5AE0-46BF-859B-A906F7865C9E}"
EndProject
Project("{2150E333-8FDC-42A3-9474-1A3956D46DE8}") = "Presentation", "Presentation", "{3E2F6624-36D9-4233-A86B-53430F2EC5E0}"
EndProject
Project("{9A19103F-16F7-4668-BE54-9A1E7A4F7556}") = "WebBackTidsregistrering.WebUI", "WebBackTidsregistrering.WebUI\WebBackTidsregistrering.WebUI.csproj", "{D9E3C195-E913-4E61-ACA1-75CC6CC2FBEF}"
EndProject
Project("{2150E333-8FDC-42A3-9474-1A3956D46DE8}") = "Tests", "Tests", "{BD483BBE-CF22-49B9-B409-4ADA4E862413}"
EndProject
Project("{9A19103F-16F7-4668-BE54-9A1E7A4F7556}") = "WebBackTidsregistrering.UnitTest", "WebBackTidsregistrering.UnitTest\WebBackTidsregistrering.UnitTest.csproj", "{255730BE-089A-4FC6-AD41-75BE2F083B37}"
EndProject
Project("{9A19103F-16F7-4668-BE54-9A1E7A4F7556}") = "WebBackTidsregistrering.IntegrationTests", "WebBackTidsregistrering.IntegrationTest\WebBackTidsregistrering.IntegrationTests.csproj", "{2B0E7403-D5DE-49BA-8D79-5F78CBDF5656}"
EndProject
Project("{9A19103F-16F7-4668-BE54-9A1E7A4F7556}") = "WebBackTidsregistrering.FunctionalTests", "WebBackTidsregistrering.FunctionalTests\WebBackTidsregistrering.FunctionalTests.csproj", "{66CFD45F-79EA-4C25-ACFD-34B2DF049ABB}"
EndProject
Project("{2150E333-8FDC-42A3-9474-1A3956D46DE8}") = "Docs", "Docs", "{E9FF7353-D3F2-41F2-AF39-939D7AB1ADC1}"
	ProjectSection(SolutionItems) = preProject
		learning.md = learning.md
	EndProjectSection
EndProject
Global
	GlobalSection(SolutionConfigurationPlatforms) = preSolution
		Debug|Any CPU = Debug|Any CPU
		Release|Any CPU = Release|Any CPU
	EndGlobalSection
	GlobalSection(ProjectConfigurationPlatforms) = postSolution
		{74AD5ACA-60AD-4D0C-8BF6-3EC6A3FFA854}.Debug|Any CPU.ActiveCfg = Debug|Any CPU
		{74AD5ACA-60AD-4D0C-8BF6-3EC6A3FFA854}.Debug|Any CPU.Build.0 = Debug|Any CPU
		{74AD5ACA-60AD-4D0C-8BF6-3EC6A3FFA854}.Release|Any CPU.ActiveCfg = Release|Any CPU
		{74AD5ACA-60AD-4D0C-8BF6-3EC6A3FFA854}.Release|Any CPU.Build.0 = Release|Any CPU
		{491CA8F3-7E32-438F-85EA-A49273EBF643}.Debug|Any CPU.ActiveCfg = Debug|Any CPU
		{491CA8F3-7E32-438F-85EA-A49273EBF643}.Debug|Any CPU.Build.0 = Debug|Any CPU
		{491CA8F3-7E32-438F-85EA-A49273EBF643}.Release|Any CPU.ActiveCfg = Release|Any CPU
		{491CA8F3-7E32-438F-85EA-A49273EBF643}.Release|Any CPU.Build.0 = Release|Any CPU
		{A7875088-5196-4AA6-AB27-8FDD197042D7}.Debug|Any CPU.ActiveCfg = Debug|Any CPU
		{A7875088-5196-4AA6-AB27-8FDD197042D7}.Debug|Any CPU.Build.0 = Debug|Any CPU
		{A7875088-5196-4AA6-AB27-8FDD197042D7}.Release|Any CPU.ActiveCfg = Release|Any CPU
		{A7875088-5196-4AA6-AB27-8FDD197042D7}.Release|Any CPU.Build.0 = Release|Any CPU
		{7E1F3E66-5AE0-46BF-859B-A906F7865C9E}.Debug|Any CPU.ActiveCfg = Debug|Any CPU
		{7E1F3E66-5AE0-46BF-859B-A906F7865C9E}.Debug|Any CPU.Build.0 = Debug|Any CPU
		{7E1F3E66-5AE0-46BF-859B-A906F7865C9E}.Release|Any CPU.ActiveCfg = Release|Any CPU
		{7E1F3E66-5AE0-46BF-859B-A906F7865C9E}.Release|Any CPU.Build.0 = Release|Any CPU
		{D9E3C195-E913-4E61-ACA1-75CC6CC2FBEF}.Debug|Any CPU.ActiveCfg = Debug|Any CPU
		{D9E3C195-E913-4E61-ACA1-75CC6CC2FBEF}.Debug|Any CPU.Build.0 = Debug|Any CPU
		{D9E3C195-E913-4E61-ACA1-75CC6CC2FBEF}.Release|Any CPU.ActiveCfg = Release|Any CPU
		{D9E3C195-E913-4E61-ACA1-75CC6CC2FBEF}.Release|Any CPU.Build.0 = Release|Any CPU
		{255730BE-089A-4FC6-AD41-75BE2F083B37}.Debug|Any CPU.ActiveCfg = Debug|Any CPU
		{255730BE-089A-4FC6-AD41-75BE2F083B37}.Debug|Any CPU.Build.0 = Debug|Any CPU
		{255730BE-089A-4FC6-AD41-75BE2F083B37}.Release|Any CPU.ActiveCfg = Release|Any CPU
		{255730BE-089A-4FC6-AD41-75BE2F083B37}.Release|Any CPU.Build.0 = Release|Any CPU
		{2B0E7403-D5DE-49BA-8D79-5F78CBDF5656}.Debug|Any CPU.ActiveCfg = Debug|Any CPU
		{2B0E7403-D5DE-49BA-8D79-5F78CBDF5656}.Debug|Any CPU.Build.0 = Debug|Any CPU
		{2B0E7403-D5DE-49BA-8D79-5F78CBDF5656}.Release|Any CPU.ActiveCfg = Release|Any CPU
		{2B0E7403-D5DE-49BA-8D79-5F78CBDF5656}.Release|Any CPU.Build.0 = Release|Any CPU
		{66CFD45F-79EA-4C25-ACFD-34B2DF049ABB}.Debug|Any CPU.ActiveCfg = Debug|Any CPU
		{66CFD45F-79EA-4C25-ACFD-34B2DF049ABB}.Debug|Any CPU.Build.0 = Debug|Any CPU
		{66CFD45F-79EA-4C25-ACFD-34B2DF049ABB}.Release|Any CPU.ActiveCfg = Release|Any CPU
		{66CFD45F-79EA-4C25-ACFD-34B2DF049ABB}.Release|Any CPU.Build.0 = Release|Any CPU
	EndGlobalSection
	GlobalSection(SolutionProperties) = preSolution
		HideSolutionNode = FALSE
	EndGlobalSection
	GlobalSection(NestedProjects) = preSolution
		{9B989D16-102D-43EF-9054-72B76DFD5981} = {349EE1E7-D602-421E-8180-EFB4C4CE56D1}
		{74AD5ACA-60AD-4D0C-8BF6-3EC6A3FFA854} = {9B989D16-102D-43EF-9054-72B76DFD5981}
		{491CA8F3-7E32-438F-85EA-A49273EBF643} = {9B989D16-102D-43EF-9054-72B76DFD5981}
		{F3253E38-CC45-4516-81EC-37638F4873FD} = {349EE1E7-D602-421E-8180-EFB4C4CE56D1}
		{A7875088-5196-4AA6-AB27-8FDD197042D7} = {F3253E38-CC45-4516-81EC-37638F4873FD}
		{7E1F3E66-5AE0-46BF-859B-A906F7865C9E} = {F3253E38-CC45-4516-81EC-37638F4873FD}
		{3E2F6624-36D9-4233-A86B-53430F2EC5E0} = {349EE1E7-D602-421E-8180-EFB4C4CE56D1}
		{D9E3C195-E913-4E61-ACA1-75CC6CC2FBEF} = {3E2F6624-36D9-4233-A86B-53430F2EC5E0}
		{255730BE-089A-4FC6-AD41-75BE2F083B37} = {BD483BBE-CF22-49B9-B409-4ADA4E862413}
		{2B0E7403-D5DE-49BA-8D79-5F78CBDF5656} = {BD483BBE-CF22-49B9-B409-4ADA4E862413}
		{66CFD45F-79EA-4C25-ACFD-34B2DF049ABB} = {BD483BBE-CF22-49B9-B409-4ADA4E862413}
	EndGlobalSection
	GlobalSection(ExtensibilityGlobals) = postSolution
		SolutionGuid = {DB8D5EE9-0FF7-455F-8E23-259100F905FF}
	EndGlobalSection
EndGlobal
